
Microsoft Visual Studio Solution File, Format Version 12.00
# Visual Studio Version 16
VisualStudioVersion = 16.0.30002.166
MinimumVisualStudioVersion = 10.0.40219.1
Project("{FAE04EC0-301F-11D3-BF4B-00C04F79EFBC}") = "ilikeswitch", "ilikeswitch\ilikeswitch.csproj", "{7410F209-FD8F-4FAD-8120-C789884DBE64}"
EndProject
Global
	GlobalSection(SolutionConfigurationPlatforms) = preSolution
		Debug|Any CPU = Debug|Any CPU
		Release|Any CPU = Release|Any CPU
	EndGlobalSection
	GlobalSection(ProjectConfigurationPlatforms) = postSolution
		{7410F209-FD8F-4FAD-8120-C789884DBE64}.Debug|Any CPU.ActiveCfg = Debug|Any CPU
		{7410F209-FD8F-4FAD-8120-C789884DBE64}.Debug|Any CPU.Build.0 = Debug|Any CPU
		{7410F209-FD8F-4FAD-8120-C789884DBE64}.Release|Any CPU.ActiveCfg = Release|Any CPU
		{7410F209-FD8F-4FAD-8120-C789884DBE64}.Release|Any CPU.Build.0 = Release|Any CPU
	EndGlobalSection
	GlobalSection(SolutionProperties) = preSolution
		HideSolutionNode = FALSE
	EndGlobalSection
	GlobalSection(ExtensibilityGlobals) = postSolution
		SolutionGuid = {01AEAA3D-625B-48EE-ACE6-EF1E852A6BF6}
	EndGlobalSection
EndGlobal
